// !$*UTF8*$!
{
	archiveVersion = 1;
	classes = {
	};
	objectVersion = 50;
	objects = {

/* Begin PBXBuildFile section */
		69304F1924AB3CB4002F98D2 /* AppDelegate.swift in Sources */ = {isa = PBXBuildFile; fileRef = 69304F1824AB3CB4002F98D2 /* AppDelegate.swift */; };
		69304F1B24AB3CB4002F98D2 /* SceneDelegate.swift in Sources */ = {isa = PBXBuildFile; fileRef = 69304F1A24AB3CB4002F98D2 /* SceneDelegate.swift */; };
		69304F1D24AB3CB4002F98D2 /* ViewController.swift in Sources */ = {isa = PBXBuildFile; fileRef = 69304F1C24AB3CB4002F98D2 /* ViewController.swift */; };
		69304F2024AB3CB4002F98D2 /* Main.storyboard in Resources */ = {isa = PBXBuildFile; fileRef = 69304F1E24AB3CB4002F98D2 /* Main.storyboard */; };
		69304F2224AB3CB4002F98D2 /* Assets.xcassets in Resources */ = {isa = PBXBuildFile; fileRef = 69304F2124AB3CB4002F98D2 /* Assets.xcassets */; };
		69304F2524AB3CB4002F98D2 /* LaunchScreen.storyboard in Resources */ = {isa = PBXBuildFile; fileRef = 69304F2324AB3CB4002F98D2 /* LaunchScreen.storyboard */; };
		69304F3424AB4072002F98D2 /* A.wav in Resources */ = {isa = PBXBuildFile; fileRef = 69304F2D24AB4072002F98D2 /* A.wav */; };
		69304F3524AB4072002F98D2 /* C.wav in Resources */ = {isa = PBXBuildFile; fileRef = 69304F2E24AB4072002F98D2 /* C.wav */; };
		69304F3624AB4072002F98D2 /* B.wav in Resources */ = {isa = PBXBuildFile; fileRef = 69304F2F24AB4072002F98D2 /* B.wav */; };
		69304F3724AB4072002F98D2 /* F.wav in Resources */ = {isa = PBXBuildFile; fileRef = 69304F3024AB4072002F98D2 /* F.wav */; };
		69304F3824AB4072002F98D2 /* G.wav in Resources */ = {isa = PBXBuildFile; fileRef = 69304F3124AB4072002F98D2 /* G.wav */; };
		69304F3924AB4072002F98D2 /* E.wav in Resources */ = {isa = PBXBuildFile; fileRef = 69304F3224AB4072002F98D2 /* E.wav */; };
		69304F3A24AB4072002F98D2 /* D.wav in Resources */ = {isa = PBXBuildFile; fileRef = 69304F3324AB4072002F98D2 /* D.wav */; };
/* End PBXBuildFile section */

/* Begin PBXFileReference section */
		69304F1524AB3CB4002F98D2 /* Xylophone.app */ = {isa = PBXFileReference; explicitFileType = wrapper.application; includeInIndex = 0; path = Xylophone.app; sourceTree = BUILT_PRODUCTS_DIR; };
		69304F1824AB3CB4002F98D2 /* AppDelegate.swift */ = {isa = PBXFileReference; lastKnownFileType = sourcecode.swift; path = AppDelegate.swift; sourceTree = "<group>"; };
		69304F1A24AB3CB4002F98D2 /* SceneDelegate.swift */ = {isa = PBXFileReference; lastKnownFileType = sourcecode.swift; path = SceneDelegate.swift; sourceTree = "<group>"; };
		69304F1C24AB3CB4002F98D2 /* ViewController.swift */ = {isa = PBXFileReference; lastKnownFileType = sourcecode.swift; path = ViewController.swift; sourceTree = "<group>"; };
		69304F1F24AB3CB4002F98D2 /* Base */ = {isa = PBXFileReference; lastKnownFileType = file.storyboard; name = Base; path = Base.lproj/Main.storyboard; sourceTree = "<group>"; };
		69304F2124AB3CB4002F98D2 /* Assets.xcassets */ = {isa = PBXFileReference; lastKnownFileType = folder.assetcatalog; path = Assets.xcassets; sourceTree = "<group>"; };
		69304F2424AB3CB4002F98D2 /* Base */ = {isa = PBXFileReference; lastKnownFileType = file.storyboard; name = Base; path = Base.lproj/LaunchScreen.storyboard; sourceTree = "<group>"; };
		69304F2624AB3CB4002F98D2 /* Info.plist */ = {isa = PBXFileReference; lastKnownFileType = text.plist.xml; path = Info.plist; sourceTree = "<group>"; };
		69304F2D24AB4072002F98D2 /* A.wav */ = {isa = PBXFileReference; lastKnownFileType = audio.wav; path = A.wav; sourceTree = "<group>"; };
		69304F2E24AB4072002F98D2 /* C.wav */ = {isa = PBXFileReference; lastKnownFileType = audio.wav; path = C.wav; sourceTree = "<group>"; };
		69304F2F24AB4072002F98D2 /* B.wav */ = {isa = PBXFileReference; lastKnownFileType = audio.wav; path = B.wav; sourceTree = "<group>"; };
		69304F3024AB4072002F98D2 /* F.wav */ = {isa = PBXFileReference; lastKnownFileType = audio.wav; path = F.wav; sourceTree = "<group>"; };
		69304F3124AB4072002F98D2 /* G.wav */ = {isa = PBXFileReference; lastKnownFileType = audio.wav; path = G.wav; sourceTree = "<group>"; };
		69304F3224AB4072002F98D2 /* E.wav */ = {isa = PBXFileReference; lastKnownFileType = audio.wav; path = E.wav; sourceTree = "<group>"; };
		69304F3324AB4072002F98D2 /* D.wav */ = {isa = PBXFileReference; lastKnownFileType = audio.wav; path = D.wav; sourceTree = "<group>"; };
/* End PBXFileReference section */

/* Begin PBXFrameworksBuildPhase section */
		69304F1224AB3CB4002F98D2 /* Frameworks */ = {
			isa = PBXFrameworksBuildPhase;
			buildActionMask = 2147483647;
			files = (
			);
			runOnlyForDeploymentPostprocessing = 0;
		};
/* End PBXFrameworksBuildPhase section */

/* Begin PBXGroup section */
		69304F0C24AB3CB4002F98D2 = {
			isa = PBXGroup;
			children = (
				69304F1724AB3CB4002F98D2 /* Xylophone */,
				69304F1624AB3CB4002F98D2 /* Products */,
			);
			sourceTree = "<group>";
		};
		69304F1624AB3CB4002F98D2 /* Products */ = {
			isa = PBXGroup;
			children = (
				69304F1524AB3CB4002F98D2 /* Xylophone.app */,
			);
			name = Products;
			sourceTree = "<group>";
		};
		69304F1724AB3CB4002F98D2 /* Xylophone */ = {
			isa = PBXGroup;
			children = (
				69304F1824AB3CB4002F98D2 /* AppDelegate.swift */,
				69304F1A24AB3CB4002F98D2 /* SceneDelegate.swift */,
				69304F1C24AB3CB4002F98D2 /* ViewController.swift */,
				69304F1E24AB3CB4002F98D2 /* Main.storyboard */,
				69304F2124AB3CB4002F98D2 /* Assets.xcassets */,
				69304F2324AB3CB4002F98D2 /* LaunchScreen.storyboard */,
				69304F2624AB3CB4002F98D2 /* Info.plist */,
				69304F2C24AB4072002F98D2 /* Sounds */,
			);
			path = Xylophone;
			sourceTree = "<group>";
		};
		69304F2C24AB4072002F98D2 /* Sounds */ = {
			isa = PBXGroup;
			children = (
				69304F2D24AB4072002F98D2 /* A.wav */,
				69304F2E24AB4072002F98D2 /* C.wav */,
				69304F2F24AB4072002F98D2 /* B.wav */,
				69304F3024AB4072002F98D2 /* F.wav */,
				69304F3124AB4072002F98D2 /* G.wav */,
				69304F3224AB4072002F98D2 /* E.wav */,
				69304F3324AB4072002F98D2 /* D.wav */,
			);
			name = Sounds;
			path = "../../../../../Downloads/Xylophone-iOS13-master/Xylophone/Sounds";
			sourceTree = "<group>";
		};
/* End PBXGroup section */

/* Begin PBXNativeTarget section */
		69304F1424AB3CB4002F98D2 /* Xylophone */ = {
			isa = PBXNativeTarget;
			buildConfigurationList = 69304F2924AB3CB4002F98D2 /* Build configuration list for PBXNativeTarget "Xylophone" */;
			buildPhases = (
				69304F1124AB3CB4002F98D2 /* Sources */,
				69304F1224AB3CB4002F98D2 /* Frameworks */,
				69304F1324AB3CB4002F98D2 /* Resources */,
			);
			buildRules = (
			);
			dependencies = (
			);
			name = Xylophone;
			productName = Xylophone;
			productReference = 69304F1524AB3CB4002F98D2 /* Xylophone.app */;
			productType = "com.apple.product-type.application";
		};
/* End PBXNativeTarget section */

/* Begin PBXProject section */
		69304F0D24AB3CB4002F98D2 /* Project object */ = {
			isa = PBXProject;
			attributes = {
				LastSwiftUpdateCheck = 1150;
				LastUpgradeCheck = 1150;
				ORGANIZATIONNAME = "JLCS Inc.";
				TargetAttributes = {
					69304F1424AB3CB4002F98D2 = {
						CreatedOnToolsVersion = 11.5;
					};
				};
			};
			buildConfigurationList = 69304F1024AB3CB4002F98D2 /* Build configuration list for PBXProject "Xylophone" */;
			compatibilityVersion = "Xcode 9.3";
			developmentRegion = en;
			hasScannedForEncodings = 0;
			knownRegions = (
				en,
				Base,
			);
			mainGroup = 69304F0C24AB3CB4002F98D2;
			productRefGroup = 69304F1624AB3CB4002F98D2 /* Products */;
			projectDirPath = "";
			projectRoot = "";
			targets = (
				69304F1424AB3CB4002F98D2 /* Xylophone */,
			);
		};
/* End PBXProject section */

/* Begin PBXResourcesBuildPhase section */
		69304F1324AB3CB4002F98D2 /* Resources */ = {
			isa = PBXResourcesBuildPhase;
			buildActionMask = 2147483647;
			files = (
				69304F3824AB4072002F98D2 /* G.wav in Resources */,
				69304F2524AB3CB4002F98D2 /* LaunchScreen.storyboard in Resources */,
				69304F3724AB4072002F98D2 /* F.wav in Resources */,
				69304F2224AB3CB4002F98D2 /* Assets.xcassets in Resources */,
				69304F3424AB4072002F98D2 /* A.wav in Resources */,
				69304F3624AB4072002F98D2 /* B.wav in Resources */,
				69304F3924AB4072002F98D2 /* E.wav in Resources */,
				69304F3A24AB4072002F98D2 /* D.wav in Resources */,
				69304F2024AB3CB4002F98D2 /* Main.storyboard in Resources */,
				69304F3524AB4072002F98D2 /* C.wav in Resources */,
			);
			runOnlyForDeploymentPostprocessing = 0;
		};
/* End PBXResourcesBuildPhase section */

/* Begin PBXSourcesBuildPhase section */
		69304F1124AB3CB4002F98D2 /* Sources */ = {
			isa = PBXSourcesBuildPhase;
			buildActionMask = 2147483647;
			files = (
				69304F1D24AB3CB4002F98D2 /* ViewController.swift in Sources */,
				69304F1924AB3CB4002F98D2 /* AppDelegate.swift in Sources */,
				69304F1B24AB3CB4002F98D2 /* SceneDelegate.swift in Sources */,
			);
			runOnlyForDeploymentPostprocessing = 0;
		};
/* End PBXSourcesBuildPhase section */

/* Begin PBXVariantGroup section */
		69304F1E24AB3CB4002F98D2 /* Main.storyboard */ = {
			isa = PBXVariantGroup;
			children = (
				69304F1F24AB3CB4002F98D2 /* Base */,
			);
			name = Main.storyboard;
			sourceTree = "<group>";
		};
		69304F2324AB3CB4002F98D2 /* LaunchScreen.storyboard */ = {
			isa = PBXVariantGroup;
			children = (
				69304F2424AB3CB4002F98D2 /* Base */,
			);
			name = LaunchScreen.storyboard;
			sourceTree = "<group>";
		};
/* End PBXVariantGroup section */

/* Begin XCBuildConfiguration section */
		69304F2724AB3CB4002F98D2 /* Debug */ = {
			isa = XCBuildConfiguration;
			buildSettings = {
				ALWAYS_SEARCH_USER_PATHS = NO;
				CLANG_ANALYZER_NONNULL = YES;
				CLANG_ANALYZER_NUMBER_OBJECT_CONVERSION = YES_AGGRESSIVE;
				CLANG_CXX_LANGUAGE_STANDARD = "gnu++14";
				CLANG_CXX_LIBRARY = "libc++";
				CLANG_ENABLE_MODULES = YES;
				CLANG_ENABLE_OBJC_ARC = YES;
				CLANG_ENABLE_OBJC_WEAK = YES;
				CLANG_WARN_BLOCK_CAPTURE_AUTORELEASING = YES;
				CLANG_WARN_BOOL_CONVERSION = YES;
				CLANG_WARN_COMMA = YES;
				CLANG_WARN_CONSTANT_CONVERSION = YES;
				CLANG_WARN_DEPRECATED_OBJC_IMPLEMENTATIONS = YES;
				CLANG_WARN_DIRECT_OBJC_ISA_USAGE = YES_ERROR;
				CLANG_WARN_DOCUMENTATION_COMMENTS = YES;
				CLANG_WARN_EMPTY_BODY = YES;
				CLANG_WARN_ENUM_CONVERSION = YES;
				CLANG_WARN_INFINITE_RECURSION = YES;
				CLANG_WARN_INT_CONVERSION = YES;
				CLANG_WARN_NON_LITERAL_NULL_CONVERSION = YES;
				CLANG_WARN_OBJC_IMPLICIT_RETAIN_SELF = YES;
				CLANG_WARN_OBJC_LITERAL_CONVERSION = YES;
				CLANG_WARN_OBJC_ROOT_CLASS = YES_ERROR;
				CLANG_WARN_RANGE_LOOP_ANALYSIS = YES;
				CLANG_WARN_STRICT_PROTOTYPES = YES;
				CLANG_WARN_SUSPICIOUS_MOVE = YES;
				CLANG_WARN_UNGUARDED_AVAILABILITY = YES_AGGRESSIVE;
				CLANG_WARN_UNREACHABLE_CODE = YES;
				CLANG_WARN__DUPLICATE_METHOD_MATCH = YES;
				COPY_PHASE_STRIP = NO;
				DEBUG_INFORMATION_FORMAT = dwarf;
				ENABLE_STRICT_OBJC_MSGSEND = YES;
				ENABLE_TESTABILITY = YES;
				GCC_C_LANGUAGE_STANDARD = gnu11;
				GCC_DYNAMIC_NO_PIC = NO;
				GCC_NO_COMMON_BLOCKS = YES;
				GCC_OPTIMIZATION_LEVEL = 0;
				GCC_PREPROCESSOR_DEFINITIONS = (
					"DEBUG=1",
					"$(inherited)",
				);
				GCC_WARN_64_TO_32_BIT_CONVERSION = YES;
				GCC_WARN_ABOUT_RETURN_TYPE = YES_ERROR;
				GCC_WARN_UNDECLARED_SELECTOR = YES;
				GCC_WARN_UNINITIALIZED_AUTOS = YES_AGGRESSIVE;
				GCC_WARN_UNUSED_FUNCTION = YES;
				GCC_WARN_UNUSED_VARIABLE = YES;
				IPHONEOS_DEPLOYMENT_TARGET = 13.5;
				MTL_ENABLE_DEBUG_INFO = INCLUDE_SOURCE;
				MTL_FAST_MATH = YES;
				ONLY_ACTIVE_ARCH = YES;
				SDKROOT = iphoneos;
				SWIFT_ACTIVE_COMPILATION_CONDITIONS = DEBUG;
				SWIFT_OPTIMIZATION_LEVEL = "-Onone";
			};
			name = Debug;
		};
		69304F2824AB3CB4002F98D2 /* Release */ = {
			isa = XCBuildConfiguration;
			buildSettings = {
				ALWAYS_SEARCH_USER_PATHS = NO;
				CLANG_ANALYZER_NONNULL = YES;
				CLANG_ANALYZER_NUMBER_OBJECT_CONVERSION = YES_AGGRESSIVE;
				CLANG_CXX_LANGUAGE_STANDARD = "gnu++14";
				CLANG_CXX_LIBRARY = "libc++";
				CLANG_ENABLE_MODULES = YES;
				CLANG_ENABLE_OBJC_ARC = YES;
				CLANG_ENABLE_OBJC_WEAK = YES;
				CLANG_WARN_BLOCK_CAPTURE_AUTORELEASING = YES;
				CLANG_WARN_BOOL_CONVERSION = YES;
				CLANG_WARN_COMMA = YES;
				CLANG_WARN_CONSTANT_CONVERSION = YES;
				CLANG_WARN_DEPRECATED_OBJC_IMPLEMENTATIONS = YES;
				CLANG_WARN_DIRECT_OBJC_ISA_USAGE = YES_ERROR;
				CLANG_WARN_DOCUMENTATION_COMMENTS = YES;
				CLANG_WARN_EMPTY_BODY = YES;
				CLANG_WARN_ENUM_CONVERSION = YES;
				CLANG_WARN_INFINITE_RECURSION = YES;
				CLANG_WARN_INT_CONVERSION = YES;
				CLANG_WARN_NON_LITERAL_NULL_CONVERSION = YES;
				CLANG_WARN_OBJC_IMPLICIT_RETAIN_SELF = YES;
				CLANG_WARN_OBJC_LITERAL_CONVERSION = YES;
				CLANG_WARN_OBJC_ROOT_CLASS = YES_ERROR;
				CLANG_WARN_RANGE_LOOP_ANALYSIS = YES;
				CLANG_WARN_STRICT_PROTOTYPES = YES;
				CLANG_WARN_SUSPICIOUS_MOVE = YES;
				CLANG_WARN_UNGUARDED_AVAILABILITY = YES_AGGRESSIVE;
				CLANG_WARN_UNREACHABLE_CODE = YES;
				CLANG_WARN__DUPLICATE_METHOD_MATCH = YES;
				COPY_PHASE_STRIP = NO;
				DEBUG_INFORMATION_FORMAT = "dwarf-with-dsym";
				ENABLE_NS_ASSERTIONS = NO;
				ENABLE_STRICT_OBJC_MSGSEND = YES;
				GCC_C_LANGUAGE_STANDARD = gnu11;
				GCC_NO_COMMON_BLOCKS = YES;
				GCC_WARN_64_TO_32_BIT_CONVERSION = YES;
				GCC_WARN_ABOUT_RETURN_TYPE = YES_ERROR;
				GCC_WARN_UNDECLARED_SELECTOR = YES;
				GCC_WARN_UNINITIALIZED_AUTOS = YES_AGGRESSIVE;
				GCC_WARN_UNUSED_FUNCTION = YES;
				GCC_WARN_UNUSED_VARIABLE = YES;
				IPHONEOS_DEPLOYMENT_TARGET = 13.5;
				MTL_ENABLE_DEBUG_INFO = NO;
				MTL_FAST_MATH = YES;
				SDKROOT = iphoneos;
				SWIFT_COMPILATION_MODE = wholemodule;
				SWIFT_OPTIMIZATION_LEVEL = "-O";
				VALIDATE_PRODUCT = YES;
			};
			name = Release;
		};
		69304F2A24AB3CB4002F98D2 /* Debug */ = {
			isa = XCBuildConfiguration;
			buildSettings = {
				ASSETCATALOG_COMPILER_APPICON_NAME = AppIcon;
				CODE_SIGN_STYLE = Automatic;
				DEVELOPMENT_TEAM = BJQF9JJWDE;
				INFOPLIST_FILE = Xylophone/Info.plist;
				LD_RUNPATH_SEARCH_PATHS = (
					"$(inherited)",
					"@executable_path/Frameworks",
				);
				PRODUCT_BUNDLE_IDENTIFIER = JLCS.Xylophone;
				PRODUCT_NAME = "$(TARGET_NAME)";
				SWIFT_VERSION = 5.0;
				TARGETED_DEVICE_FAMILY = "1,2";
			};
			name = Debug;
		};
		69304F2B24AB3CB4002F98D2 /* Release */ = {
			isa = XCBuildConfiguration;
			buildSettings = {
				ASSETCATALOG_COMPILER_APPICON_NAME = AppIcon;
				CODE_SIGN_STYLE = Automatic;
				DEVELOPMENT_TEAM = BJQF9JJWDE;
				INFOPLIST_FILE = Xylophone/Info.plist;
				LD_RUNPATH_SEARCH_PATHS = (
					"$(inherited)",
					"@executable_path/Frameworks",
				);
				PRODUCT_BUNDLE_IDENTIFIER = JLCS.Xylophone;
				PRODUCT_NAME = "$(TARGET_NAME)";
				SWIFT_VERSION = 5.0;
				TARGETED_DEVICE_FAMILY = "1,2";
			};
			name = Release;
		};
/* End XCBuildConfiguration section */

/* Begin XCConfigurationList section */
		69304F1024AB3CB4002F98D2 /* Build configuration list for PBXProject "Xylophone" */ = {
			isa = XCConfigurationList;
			buildConfigurations = (
				69304F2724AB3CB4002F98D2 /* Debug */,
				69304F2824AB3CB4002F98D2 /* Release */,
			);
			defaultConfigurationIsVisible = 0;
			defaultConfigurationName = Release;
		};
		69304F2924AB3CB4002F98D2 /* Build configuration list for PBXNativeTarget "Xylophone" */ = {
			isa = XCConfigurationList;
			buildConfigurations = (
				69304F2A24AB3CB4002F98D2 /* Debug */,
				69304F2B24AB3CB4002F98D2 /* Release */,
			);
			defaultConfigurationIsVisible = 0;
			defaultConfigurationName = Release;
		};
/* End XCConfigurationList section */
	};
	rootObject = 69304F0D24AB3CB4002F98D2 /* Project object */;
}
