// !$*UTF8*$!
{
	archiveVersion = 1;
	classes = {
	};
	objectVersion = 52;
	objects = {

/* Begin PBXBuildFile section */
		69245989264A650800EE6015 /* UIViewControllerExtension.swift in Sources */ = {isa = PBXBuildFile; fileRef = 69245988264A650800EE6015 /* UIViewControllerExtension.swift */; };
		6945BD9C26231D2B009E095B /* Item.swift in Sources */ = {isa = PBXBuildFile; fileRef = 6945BD9B26231D2B009E095B /* Item.swift */; };
		6945BD9F26231D31009E095B /* Category.swift in Sources */ = {isa = PBXBuildFile; fileRef = 6945BD9E26231D31009E095B /* Category.swift */; };
		694D3F1C260106F2000CB098 /* AppDelegate.swift in Sources */ = {isa = PBXBuildFile; fileRef = 694D3F1B260106F2000CB098 /* AppDelegate.swift */; };
		694D3F1E260106F2000CB098 /* SceneDelegate.swift in Sources */ = {isa = PBXBuildFile; fileRef = 694D3F1D260106F2000CB098 /* SceneDelegate.swift */; };
		694D3F20260106F2000CB098 /* TodoListViewController.swift in Sources */ = {isa = PBXBuildFile; fileRef = 694D3F1F260106F2000CB098 /* TodoListViewController.swift */; };
		694D3F23260106F2000CB098 /* Main.storyboard in Resources */ = {isa = PBXBuildFile; fileRef = 694D3F21260106F2000CB098 /* Main.storyboard */; };
		694D3F25260106F3000CB098 /* Assets.xcassets in Resources */ = {isa = PBXBuildFile; fileRef = 694D3F24260106F3000CB098 /* Assets.xcassets */; };
		694D3F28260106F3000CB098 /* LaunchScreen.storyboard in Resources */ = {isa = PBXBuildFile; fileRef = 694D3F26260106F3000CB098 /* LaunchScreen.storyboard */; };
		69D6F57E2613780D00A3E6F2 /* RealmSwift in Frameworks */ = {isa = PBXBuildFile; productRef = 69D6F57D2613780D00A3E6F2 /* RealmSwift */; };
		69D6F5802613780D00A3E6F2 /* Realm in Frameworks */ = {isa = PBXBuildFile; productRef = 69D6F57F2613780D00A3E6F2 /* Realm */; };
		69FF6B932610A6A300E6B86D /* CategoryViewController.swift in Sources */ = {isa = PBXBuildFile; fileRef = 69FF6B922610A6A300E6B86D /* CategoryViewController.swift */; };
		78EE178325F9D76662774992 /* Pods_Todoey.framework in Frameworks */ = {isa = PBXBuildFile; fileRef = C12D7E44B1370396056B0E07 /* Pods_Todoey.framework */; };
/* End PBXBuildFile section */

/* Begin PBXFileReference section */
		69245988264A650800EE6015 /* UIViewControllerExtension.swift */ = {isa = PBXFileReference; lastKnownFileType = sourcecode.swift; path = UIViewControllerExtension.swift; sourceTree = "<group>"; };
		6945BD9B26231D2B009E095B /* Item.swift */ = {isa = PBXFileReference; lastKnownFileType = sourcecode.swift; path = Item.swift; sourceTree = "<group>"; };
		6945BD9E26231D31009E095B /* Category.swift */ = {isa = PBXFileReference; lastKnownFileType = sourcecode.swift; path = Category.swift; sourceTree = "<group>"; };
		694D3F18260106F2000CB098 /* Todoey.app */ = {isa = PBXFileReference; explicitFileType = wrapper.application; includeInIndex = 0; path = Todoey.app; sourceTree = BUILT_PRODUCTS_DIR; };
		694D3F1B260106F2000CB098 /* AppDelegate.swift */ = {isa = PBXFileReference; lastKnownFileType = sourcecode.swift; path = AppDelegate.swift; sourceTree = "<group>"; };
		694D3F1D260106F2000CB098 /* SceneDelegate.swift */ = {isa = PBXFileReference; lastKnownFileType = sourcecode.swift; path = SceneDelegate.swift; sourceTree = "<group>"; };
		694D3F1F260106F2000CB098 /* TodoListViewController.swift */ = {isa = PBXFileReference; lastKnownFileType = sourcecode.swift; path = TodoListViewController.swift; sourceTree = "<group>"; };
		694D3F22260106F2000CB098 /* Base */ = {isa = PBXFileReference; lastKnownFileType = file.storyboard; name = Base; path = Base.lproj/Main.storyboard; sourceTree = "<group>"; };
		694D3F24260106F3000CB098 /* Assets.xcassets */ = {isa = PBXFileReference; lastKnownFileType = folder.assetcatalog; path = Assets.xcassets; sourceTree = "<group>"; };
		694D3F27260106F3000CB098 /* Base */ = {isa = PBXFileReference; lastKnownFileType = file.storyboard; name = Base; path = Base.lproj/LaunchScreen.storyboard; sourceTree = "<group>"; };
		694D3F29260106F3000CB098 /* Info.plist */ = {isa = PBXFileReference; lastKnownFileType = text.plist.xml; name = Info.plist; path = "Todoey/Supporting Files/Info.plist"; sourceTree = SOURCE_ROOT; };
		69FF6B922610A6A300E6B86D /* CategoryViewController.swift */ = {isa = PBXFileReference; lastKnownFileType = sourcecode.swift; path = CategoryViewController.swift; sourceTree = "<group>"; };
		C12D7E44B1370396056B0E07 /* Pods_Todoey.framework */ = {isa = PBXFileReference; explicitFileType = wrapper.framework; includeInIndex = 0; path = Pods_Todoey.framework; sourceTree = BUILT_PRODUCTS_DIR; };
		C62E3B6F94DCA2451C5855B2 /* Pods-Todoey.debug.xcconfig */ = {isa = PBXFileReference; includeInIndex = 1; lastKnownFileType = text.xcconfig; name = "Pods-Todoey.debug.xcconfig"; path = "Target Support Files/Pods-Todoey/Pods-Todoey.debug.xcconfig"; sourceTree = "<group>"; };
		E29FAA8CE7692B8A5370CEC0 /* Pods-Todoey.release.xcconfig */ = {isa = PBXFileReference; includeInIndex = 1; lastKnownFileType = text.xcconfig; name = "Pods-Todoey.release.xcconfig"; path = "Target Support Files/Pods-Todoey/Pods-Todoey.release.xcconfig"; sourceTree = "<group>"; };
/* End PBXFileReference section */

/* Begin PBXFrameworksBuildPhase section */
		694D3F15260106F2000CB098 /* Frameworks */ = {
			isa = PBXFrameworksBuildPhase;
			buildActionMask = 2147483647;
			files = (
				69D6F5802613780D00A3E6F2 /* Realm in Frameworks */,
				69D6F57E2613780D00A3E6F2 /* RealmSwift in Frameworks */,
				78EE178325F9D76662774992 /* Pods_Todoey.framework in Frameworks */,
			);
			runOnlyForDeploymentPostprocessing = 0;
		};
/* End PBXFrameworksBuildPhase section */

/* Begin PBXGroup section */
		53F2AF1068DF6B26F0D89E0F /* Frameworks */ = {
			isa = PBXGroup;
			children = (
				C12D7E44B1370396056B0E07 /* Pods_Todoey.framework */,
			);
			name = Frameworks;
			sourceTree = "<group>";
		};
		69245987264A64F000EE6015 /* Extensions */ = {
			isa = PBXGroup;
			children = (
				69245988264A650800EE6015 /* UIViewControllerExtension.swift */,
			);
			path = Extensions;
			sourceTree = "<group>";
		};
		694D3F0F260106F2000CB098 = {
			isa = PBXGroup;
			children = (
				694D3F1A260106F2000CB098 /* Todoey */,
				694D3F19260106F2000CB098 /* Products */,
				FF93318209A8DBC398C257AF /* Pods */,
				53F2AF1068DF6B26F0D89E0F /* Frameworks */,
			);
			sourceTree = "<group>";
		};
		694D3F19260106F2000CB098 /* Products */ = {
			isa = PBXGroup;
			children = (
				694D3F18260106F2000CB098 /* Todoey.app */,
			);
			name = Products;
			sourceTree = "<group>";
		};
		694D3F1A260106F2000CB098 /* Todoey */ = {
			isa = PBXGroup;
			children = (
				694D3F30260106FA000CB098 /* App & Scene Delegate */,
				69245987264A64F000EE6015 /* Extensions */,
				694D3F3A2604D140000CB098 /* Model */,
				694D3F3226010704000CB098 /* Controllers */,
				694D3F342601070A000CB098 /* Storyboards */,
				694D3F362601070F000CB098 /* Resources */,
				694D3F3726010713000CB098 /* Supporting Files */,
			);
			path = Todoey;
			sourceTree = "<group>";
		};
		694D3F30260106FA000CB098 /* App & Scene Delegate */ = {
			isa = PBXGroup;
			children = (
				694D3F1B260106F2000CB098 /* AppDelegate.swift */,
				694D3F1D260106F2000CB098 /* SceneDelegate.swift */,
			);
			path = "App & Scene Delegate";
			sourceTree = "<group>";
		};
		694D3F3226010704000CB098 /* Controllers */ = {
			isa = PBXGroup;
			children = (
				69FF6B922610A6A300E6B86D /* CategoryViewController.swift */,
				694D3F1F260106F2000CB098 /* TodoListViewController.swift */,
			);
			path = Controllers;
			sourceTree = "<group>";
		};
		694D3F342601070A000CB098 /* Storyboards */ = {
			isa = PBXGroup;
			children = (
				694D3F21260106F2000CB098 /* Main.storyboard */,
				694D3F26260106F3000CB098 /* LaunchScreen.storyboard */,
			);
			path = Storyboards;
			sourceTree = "<group>";
		};
		694D3F362601070F000CB098 /* Resources */ = {
			isa = PBXGroup;
			children = (
				694D3F24260106F3000CB098 /* Assets.xcassets */,
			);
			path = Resources;
			sourceTree = "<group>";
		};
		694D3F3726010713000CB098 /* Supporting Files */ = {
			isa = PBXGroup;
			children = (
				694D3F29260106F3000CB098 /* Info.plist */,
			);
			path = "Supporting Files";
			sourceTree = "<group>";
		};
		694D3F3A2604D140000CB098 /* Model */ = {
			isa = PBXGroup;
			children = (
				6945BD9E26231D31009E095B /* Category.swift */,
				6945BD9B26231D2B009E095B /* Item.swift */,
			);
			path = Model;
			sourceTree = "<group>";
		};
		FF93318209A8DBC398C257AF /* Pods */ = {
			isa = PBXGroup;
			children = (
				C62E3B6F94DCA2451C5855B2 /* Pods-Todoey.debug.xcconfig */,
				E29FAA8CE7692B8A5370CEC0 /* Pods-Todoey.release.xcconfig */,
			);
			path = Pods;
			sourceTree = "<group>";
		};
/* End PBXGroup section */

/* Begin PBXNativeTarget section */
		694D3F17260106F2000CB098 /* Todoey */ = {
			isa = PBXNativeTarget;
			buildConfigurationList = 694D3F2C260106F3000CB098 /* Build configuration list for PBXNativeTarget "Todoey" */;
			buildPhases = (
				1A1919BECB3F22FC1FD943AC /* [CP] Check Pods Manifest.lock */,
				694D3F14260106F2000CB098 /* Sources */,
				694D3F15260106F2000CB098 /* Frameworks */,
				694D3F16260106F2000CB098 /* Resources */,
				669BEC18D4438E7A9A4358B8 /* [CP] Embed Pods Frameworks */,
			);
			buildRules = (
			);
			dependencies = (
			);
			name = Todoey;
			packageProductDependencies = (
				69D6F57D2613780D00A3E6F2 /* RealmSwift */,
				69D6F57F2613780D00A3E6F2 /* Realm */,
			);
			productName = Todoey;
			productReference = 694D3F18260106F2000CB098 /* Todoey.app */;
			productType = "com.apple.product-type.application";
		};
/* End PBXNativeTarget section */

/* Begin PBXProject section */
		694D3F10260106F2000CB098 /* Project object */ = {
			isa = PBXProject;
			attributes = {
				LastSwiftUpdateCheck = 1240;
				LastUpgradeCheck = 1240;
				TargetAttributes = {
					694D3F17260106F2000CB098 = {
						CreatedOnToolsVersion = 12.4;
					};
				};
			};
			buildConfigurationList = 694D3F13260106F2000CB098 /* Build configuration list for PBXProject "Todoey" */;
			compatibilityVersion = "Xcode 9.3";
			developmentRegion = en;
			hasScannedForEncodings = 0;
			knownRegions = (
				en,
				Base,
			);
			mainGroup = 694D3F0F260106F2000CB098;
			packageReferences = (
				69D6F57C2613780D00A3E6F2 /* XCRemoteSwiftPackageReference "realm-cocoa" */,
			);
			productRefGroup = 694D3F19260106F2000CB098 /* Products */;
			projectDirPath = "";
			projectRoot = "";
			targets = (
				694D3F17260106F2000CB098 /* Todoey */,
			);
		};
/* End PBXProject section */

/* Begin PBXResourcesBuildPhase section */
		694D3F16260106F2000CB098 /* Resources */ = {
			isa = PBXResourcesBuildPhase;
			buildActionMask = 2147483647;
			files = (
				694D3F28260106F3000CB098 /* LaunchScreen.storyboard in Resources */,
				694D3F25260106F3000CB098 /* Assets.xcassets in Resources */,
				694D3F23260106F2000CB098 /* Main.storyboard in Resources */,
			);
			runOnlyForDeploymentPostprocessing = 0;
		};
/* End PBXResourcesBuildPhase section */

/* Begin PBXShellScriptBuildPhase section */
		1A1919BECB3F22FC1FD943AC /* [CP] Check Pods Manifest.lock */ = {
			isa = PBXShellScriptBuildPhase;
			buildActionMask = 2147483647;
			files = (
			);
			inputFileListPaths = (
			);
			inputPaths = (
				"${PODS_PODFILE_DIR_PATH}/Podfile.lock",
				"${PODS_ROOT}/Manifest.lock",
			);
			name = "[CP] Check Pods Manifest.lock";
			outputFileListPaths = (
			);
			outputPaths = (
				"$(DERIVED_FILE_DIR)/Pods-Todoey-checkManifestLockResult.txt",
			);
			runOnlyForDeploymentPostprocessing = 0;
			shellPath = /bin/sh;
			shellScript = "diff \"${PODS_PODFILE_DIR_PATH}/Podfile.lock\" \"${PODS_ROOT}/Manifest.lock\" > /dev/null\nif [ $? != 0 ] ; then\n    # print error to STDERR\n    echo \"error: The sandbox is not in sync with the Podfile.lock. Run 'pod install' or update your CocoaPods installation.\" >&2\n    exit 1\nfi\n# This output is used by Xcode 'outputs' to avoid re-running this script phase.\necho \"SUCCESS\" > \"${SCRIPT_OUTPUT_FILE_0}\"\n";
			showEnvVarsInLog = 0;
		};
		669BEC18D4438E7A9A4358B8 /* [CP] Embed Pods Frameworks */ = {
			isa = PBXShellScriptBuildPhase;
			buildActionMask = 2147483647;
			files = (
			);
			inputFileListPaths = (
				"${PODS_ROOT}/Target Support Files/Pods-Todoey/Pods-Todoey-frameworks-${CONFIGURATION}-input-files.xcfilelist",
			);
			name = "[CP] Embed Pods Frameworks";
			outputFileListPaths = (
				"${PODS_ROOT}/Target Support Files/Pods-Todoey/Pods-Todoey-frameworks-${CONFIGURATION}-output-files.xcfilelist",
			);
			runOnlyForDeploymentPostprocessing = 0;
			shellPath = /bin/sh;
			shellScript = "\"${PODS_ROOT}/Target Support Files/Pods-Todoey/Pods-Todoey-frameworks.sh\"\n";
			showEnvVarsInLog = 0;
		};
/* End PBXShellScriptBuildPhase section */

/* Begin PBXSourcesBuildPhase section */
		694D3F14260106F2000CB098 /* Sources */ = {
			isa = PBXSourcesBuildPhase;
			buildActionMask = 2147483647;
			files = (
				694D3F20260106F2000CB098 /* TodoListViewController.swift in Sources */,
				69FF6B932610A6A300E6B86D /* CategoryViewController.swift in Sources */,
				6945BD9C26231D2B009E095B /* Item.swift in Sources */,
				6945BD9F26231D31009E095B /* Category.swift in Sources */,
				694D3F1C260106F2000CB098 /* AppDelegate.swift in Sources */,
				69245989264A650800EE6015 /* UIViewControllerExtension.swift in Sources */,
				694D3F1E260106F2000CB098 /* SceneDelegate.swift in Sources */,
			);
			runOnlyForDeploymentPostprocessing = 0;
		};
/* End PBXSourcesBuildPhase section */

/* Begin PBXVariantGroup section */
		694D3F21260106F2000CB098 /* Main.storyboard */ = {
			isa = PBXVariantGroup;
			children = (
				694D3F22260106F2000CB098 /* Base */,
			);
			name = Main.storyboard;
			sourceTree = "<group>";
		};
		694D3F26260106F3000CB098 /* LaunchScreen.storyboard */ = {
			isa = PBXVariantGroup;
			children = (
				694D3F27260106F3000CB098 /* Base */,
			);
			name = LaunchScreen.storyboard;
			sourceTree = "<group>";
		};
/* End PBXVariantGroup section */

/* Begin XCBuildConfiguration section */
		694D3F2A260106F3000CB098 /* Debug */ = {
			isa = XCBuildConfiguration;
			buildSettings = {
				ALWAYS_SEARCH_USER_PATHS = NO;
				CLANG_ANALYZER_NONNULL = YES;
				CLANG_ANALYZER_NUMBER_OBJECT_CONVERSION = YES_AGGRESSIVE;
				CLANG_CXX_LANGUAGE_STANDARD = "gnu++14";
				CLANG_CXX_LIBRARY = "libc++";
				CLANG_ENABLE_MODULES = YES;
				CLANG_ENABLE_OBJC_ARC = YES;
				CLANG_ENABLE_OBJC_WEAK = YES;
				CLANG_WARN_BLOCK_CAPTURE_AUTORELEASING = YES;
				CLANG_WARN_BOOL_CONVERSION = YES;
				CLANG_WARN_COMMA = YES;
				CLANG_WARN_CONSTANT_CONVERSION = YES;
				CLANG_WARN_DEPRECATED_OBJC_IMPLEMENTATIONS = YES;
				CLANG_WARN_DIRECT_OBJC_ISA_USAGE = YES_ERROR;
				CLANG_WARN_DOCUMENTATION_COMMENTS = YES;
				CLANG_WARN_EMPTY_BODY = YES;
				CLANG_WARN_ENUM_CONVERSION = YES;
				CLANG_WARN_INFINITE_RECURSION = YES;
				CLANG_WARN_INT_CONVERSION = YES;
				CLANG_WARN_NON_LITERAL_NULL_CONVERSION = YES;
				CLANG_WARN_OBJC_IMPLICIT_RETAIN_SELF = YES;
				CLANG_WARN_OBJC_LITERAL_CONVERSION = YES;
				CLANG_WARN_OBJC_ROOT_CLASS = YES_ERROR;
				CLANG_WARN_QUOTED_INCLUDE_IN_FRAMEWORK_HEADER = YES;
				CLANG_WARN_RANGE_LOOP_ANALYSIS = YES;
				CLANG_WARN_STRICT_PROTOTYPES = YES;
				CLANG_WARN_SUSPICIOUS_MOVE = YES;
				CLANG_WARN_UNGUARDED_AVAILABILITY = YES_AGGRESSIVE;
				CLANG_WARN_UNREACHABLE_CODE = YES;
				CLANG_WARN__DUPLICATE_METHOD_MATCH = YES;
				COPY_PHASE_STRIP = NO;
				DEBUG_INFORMATION_FORMAT = dwarf;
				ENABLE_STRICT_OBJC_MSGSEND = YES;
				ENABLE_TESTABILITY = YES;
				GCC_C_LANGUAGE_STANDARD = gnu11;
				GCC_DYNAMIC_NO_PIC = NO;
				GCC_NO_COMMON_BLOCKS = YES;
				GCC_OPTIMIZATION_LEVEL = 0;
				GCC_PREPROCESSOR_DEFINITIONS = (
					"DEBUG=1",
					"$(inherited)",
				);
				GCC_WARN_64_TO_32_BIT_CONVERSION = YES;
				GCC_WARN_ABOUT_RETURN_TYPE = YES_ERROR;
				GCC_WARN_UNDECLARED_SELECTOR = YES;
				GCC_WARN_UNINITIALIZED_AUTOS = YES_AGGRESSIVE;
				GCC_WARN_UNUSED_FUNCTION = YES;
				GCC_WARN_UNUSED_VARIABLE = YES;
				IPHONEOS_DEPLOYMENT_TARGET = 14.4;
				MTL_ENABLE_DEBUG_INFO = INCLUDE_SOURCE;
				MTL_FAST_MATH = YES;
				ONLY_ACTIVE_ARCH = YES;
				SDKROOT = iphoneos;
				SWIFT_ACTIVE_COMPILATION_CONDITIONS = DEBUG;
				SWIFT_OPTIMIZATION_LEVEL = "-Onone";
			};
			name = Debug;
		};
		694D3F2B260106F3000CB098 /* Release */ = {
			isa = XCBuildConfiguration;
			buildSettings = {
				ALWAYS_SEARCH_USER_PATHS = NO;
				CLANG_ANALYZER_NONNULL = YES;
				CLANG_ANALYZER_NUMBER_OBJECT_CONVERSION = YES_AGGRESSIVE;
				CLANG_CXX_LANGUAGE_STANDARD = "gnu++14";
				CLANG_CXX_LIBRARY = "libc++";
				CLANG_ENABLE_MODULES = YES;
				CLANG_ENABLE_OBJC_ARC = YES;
				CLANG_ENABLE_OBJC_WEAK = YES;
				CLANG_WARN_BLOCK_CAPTURE_AUTORELEASING = YES;
				CLANG_WARN_BOOL_CONVERSION = YES;
				CLANG_WARN_COMMA = YES;
				CLANG_WARN_CONSTANT_CONVERSION = YES;
				CLANG_WARN_DEPRECATED_OBJC_IMPLEMENTATIONS = YES;
				CLANG_WARN_DIRECT_OBJC_ISA_USAGE = YES_ERROR;
				CLANG_WARN_DOCUMENTATION_COMMENTS = YES;
				CLANG_WARN_EMPTY_BODY = YES;
				CLANG_WARN_ENUM_CONVERSION = YES;
				CLANG_WARN_INFINITE_RECURSION = YES;
				CLANG_WARN_INT_CONVERSION = YES;
				CLANG_WARN_NON_LITERAL_NULL_CONVERSION = YES;
				CLANG_WARN_OBJC_IMPLICIT_RETAIN_SELF = YES;
				CLANG_WARN_OBJC_LITERAL_CONVERSION = YES;
				CLANG_WARN_OBJC_ROOT_CLASS = YES_ERROR;
				CLANG_WARN_QUOTED_INCLUDE_IN_FRAMEWORK_HEADER = YES;
				CLANG_WARN_RANGE_LOOP_ANALYSIS = YES;
				CLANG_WARN_STRICT_PROTOTYPES = YES;
				CLANG_WARN_SUSPICIOUS_MOVE = YES;
				CLANG_WARN_UNGUARDED_AVAILABILITY = YES_AGGRESSIVE;
				CLANG_WARN_UNREACHABLE_CODE = YES;
				CLANG_WARN__DUPLICATE_METHOD_MATCH = YES;
				COPY_PHASE_STRIP = NO;
				DEBUG_INFORMATION_FORMAT = "dwarf-with-dsym";
				ENABLE_NS_ASSERTIONS = NO;
				ENABLE_STRICT_OBJC_MSGSEND = YES;
				GCC_C_LANGUAGE_STANDARD = gnu11;
				GCC_NO_COMMON_BLOCKS = YES;
				GCC_WARN_64_TO_32_BIT_CONVERSION = YES;
				GCC_WARN_ABOUT_RETURN_TYPE = YES_ERROR;
				GCC_WARN_UNDECLARED_SELECTOR = YES;
				GCC_WARN_UNINITIALIZED_AUTOS = YES_AGGRESSIVE;
				GCC_WARN_UNUSED_FUNCTION = YES;
				GCC_WARN_UNUSED_VARIABLE = YES;
				IPHONEOS_DEPLOYMENT_TARGET = 14.4;
				MTL_ENABLE_DEBUG_INFO = NO;
				MTL_FAST_MATH = YES;
				SDKROOT = iphoneos;
				SWIFT_COMPILATION_MODE = wholemodule;
				SWIFT_OPTIMIZATION_LEVEL = "-O";
				VALIDATE_PRODUCT = YES;
			};
			name = Release;
		};
		694D3F2D260106F3000CB098 /* Debug */ = {
			isa = XCBuildConfiguration;
			baseConfigurationReference = C62E3B6F94DCA2451C5855B2 /* Pods-Todoey.debug.xcconfig */;
			buildSettings = {
				ASSETCATALOG_COMPILER_APPICON_NAME = AppIcon;
				ASSETCATALOG_COMPILER_GLOBAL_ACCENT_COLOR_NAME = AccentColor;
				CODE_SIGN_STYLE = Automatic;
				INFOPLIST_FILE = "Todoey/Supporting Files/Info.plist";
				LD_RUNPATH_SEARCH_PATHS = (
					"$(inherited)",
					"@executable_path/Frameworks",
				);
				PRODUCT_BUNDLE_IDENTIFIER = com.jlcs.Todoey;
				PRODUCT_NAME = "$(TARGET_NAME)";
				SWIFT_VERSION = 5.0;
				TARGETED_DEVICE_FAMILY = "1,2";
			};
			name = Debug;
		};
		694D3F2E260106F3000CB098 /* Release */ = {
			isa = XCBuildConfiguration;
			baseConfigurationReference = E29FAA8CE7692B8A5370CEC0 /* Pods-Todoey.release.xcconfig */;
			buildSettings = {
				ASSETCATALOG_COMPILER_APPICON_NAME = AppIcon;
				ASSETCATALOG_COMPILER_GLOBAL_ACCENT_COLOR_NAME = AccentColor;
				CODE_SIGN_STYLE = Automatic;
				INFOPLIST_FILE = "Todoey/Supporting Files/Info.plist";
				LD_RUNPATH_SEARCH_PATHS = (
					"$(inherited)",
					"@executable_path/Frameworks",
				);
				PRODUCT_BUNDLE_IDENTIFIER = com.jlcs.Todoey;
				PRODUCT_NAME = "$(TARGET_NAME)";
				SWIFT_VERSION = 5.0;
				TARGETED_DEVICE_FAMILY = "1,2";
			};
			name = Release;
		};
/* End XCBuildConfiguration section */

/* Begin XCConfigurationList section */
		694D3F13260106F2000CB098 /* Build configuration list for PBXProject "Todoey" */ = {
			isa = XCConfigurationList;
			buildConfigurations = (
				694D3F2A260106F3000CB098 /* Debug */,
				694D3F2B260106F3000CB098 /* Release */,
			);
			defaultConfigurationIsVisible = 0;
			defaultConfigurationName = Release;
		};
		694D3F2C260106F3000CB098 /* Build configuration list for PBXNativeTarget "Todoey" */ = {
			isa = XCConfigurationList;
			buildConfigurations = (
				694D3F2D260106F3000CB098 /* Debug */,
				694D3F2E260106F3000CB098 /* Release */,
			);
			defaultConfigurationIsVisible = 0;
			defaultConfigurationName = Release;
		};
/* End XCConfigurationList section */

/* Begin XCRemoteSwiftPackageReference section */
		69D6F57C2613780D00A3E6F2 /* XCRemoteSwiftPackageReference "realm-cocoa" */ = {
			isa = XCRemoteSwiftPackageReference;
			repositoryURL = "https://github.com/realm/realm-cocoa.git";
			requirement = {
				kind = upToNextMajorVersion;
				minimumVersion = 10.7.2;
			};
		};
/* End XCRemoteSwiftPackageReference section */

/* Begin XCSwiftPackageProductDependency section */
		69D6F57D2613780D00A3E6F2 /* RealmSwift */ = {
			isa = XCSwiftPackageProductDependency;
			package = 69D6F57C2613780D00A3E6F2 /* XCRemoteSwiftPackageReference "realm-cocoa" */;
			productName = RealmSwift;
		};
		69D6F57F2613780D00A3E6F2 /* Realm */ = {
			isa = XCSwiftPackageProductDependency;
			package = 69D6F57C2613780D00A3E6F2 /* XCRemoteSwiftPackageReference "realm-cocoa" */;
			productName = Realm;
		};
/* End XCSwiftPackageProductDependency section */
	};
	rootObject = 694D3F10260106F2000CB098 /* Project object */;
}
