// !$*UTF8*$!
{
	archiveVersion = 1;
	classes = {
	};
	objectVersion = 50;
	objects = {

/* Begin PBXBuildFile section */
		696C4C6524F5459300B6E024 /* MainBMIViewController.swift in Sources */ = {isa = PBXBuildFile; fileRef = 696C4C6424F5459300B6E024 /* MainBMIViewController.swift */; };
		696C4C6824F545E200B6E024 /* UnitFormatter.swift in Sources */ = {isa = PBXBuildFile; fileRef = 696C4C6724F545E200B6E024 /* UnitFormatter.swift */; };
		69A42E7D24F547E00080DFD0 /* BMI_CalculatorTests.swift in Sources */ = {isa = PBXBuildFile; fileRef = 69A42E7C24F547E00080DFD0 /* BMI_CalculatorTests.swift */; };
		69A42E8524F548100080DFD0 /* UnitFormatterTest.swift in Sources */ = {isa = PBXBuildFile; fileRef = 69A42E8424F548100080DFD0 /* UnitFormatterTest.swift */; };
		69A42E8724F5561D0080DFD0 /* BMICalculator.swift in Sources */ = {isa = PBXBuildFile; fileRef = 69A42E8624F5561D0080DFD0 /* BMICalculator.swift */; };
		69EE72AB24F912BF00CCE169 /* ResultViewController.swift in Sources */ = {isa = PBXBuildFile; fileRef = 69EE72AA24F912BF00CCE169 /* ResultViewController.swift */; };
		69EE72AD24F9142B00CCE169 /* ResultView.swift in Sources */ = {isa = PBXBuildFile; fileRef = 69EE72AC24F9142B00CCE169 /* ResultView.swift */; };
		AD0B9F7A230D61800065EFD9 /* AppDelegate.swift in Sources */ = {isa = PBXBuildFile; fileRef = AD0B9F79230D61800065EFD9 /* AppDelegate.swift */; };
		AD0B9F7C230D61800065EFD9 /* SceneDelegate.swift in Sources */ = {isa = PBXBuildFile; fileRef = AD0B9F7B230D61800065EFD9 /* SceneDelegate.swift */; };
		AD0B9F81230D61800065EFD9 /* Main.storyboard in Resources */ = {isa = PBXBuildFile; fileRef = AD0B9F7F230D61800065EFD9 /* Main.storyboard */; };
		AD0B9F83230D61840065EFD9 /* Assets.xcassets in Resources */ = {isa = PBXBuildFile; fileRef = AD0B9F82230D61840065EFD9 /* Assets.xcassets */; };
		AD0B9F86230D61840065EFD9 /* LaunchScreen.storyboard in Resources */ = {isa = PBXBuildFile; fileRef = AD0B9F84230D61840065EFD9 /* LaunchScreen.storyboard */; };
		AD64359A2312D0BC00E22B00 /* README.md in Resources */ = {isa = PBXBuildFile; fileRef = AD6435992312D0BC00E22B00 /* README.md */; };
/* End PBXBuildFile section */

/* Begin PBXContainerItemProxy section */
		69A42E7F24F547E00080DFD0 /* PBXContainerItemProxy */ = {
			isa = PBXContainerItemProxy;
			containerPortal = AD0B9F6E230D61800065EFD9 /* Project object */;
			proxyType = 1;
			remoteGlobalIDString = AD0B9F75230D61800065EFD9;
			remoteInfo = "BMI Calculator";
		};
/* End PBXContainerItemProxy section */

/* Begin PBXFileReference section */
		696C4C6424F5459300B6E024 /* MainBMIViewController.swift */ = {isa = PBXFileReference; lastKnownFileType = sourcecode.swift; path = MainBMIViewController.swift; sourceTree = "<group>"; };
		696C4C6724F545E200B6E024 /* UnitFormatter.swift */ = {isa = PBXFileReference; lastKnownFileType = sourcecode.swift; path = UnitFormatter.swift; sourceTree = "<group>"; };
		69A42E7A24F547E00080DFD0 /* BMI CalculatorTests.xctest */ = {isa = PBXFileReference; explicitFileType = wrapper.cfbundle; includeInIndex = 0; path = "BMI CalculatorTests.xctest"; sourceTree = BUILT_PRODUCTS_DIR; };
		69A42E7C24F547E00080DFD0 /* BMI_CalculatorTests.swift */ = {isa = PBXFileReference; lastKnownFileType = sourcecode.swift; path = BMI_CalculatorTests.swift; sourceTree = "<group>"; };
		69A42E7E24F547E00080DFD0 /* Info.plist */ = {isa = PBXFileReference; lastKnownFileType = text.plist.xml; path = Info.plist; sourceTree = "<group>"; };
		69A42E8424F548100080DFD0 /* UnitFormatterTest.swift */ = {isa = PBXFileReference; lastKnownFileType = sourcecode.swift; path = UnitFormatterTest.swift; sourceTree = "<group>"; };
		69A42E8624F5561D0080DFD0 /* BMICalculator.swift */ = {isa = PBXFileReference; lastKnownFileType = sourcecode.swift; name = BMICalculator.swift; path = "BMI CalculatorTests/BMICalculator.swift"; sourceTree = SOURCE_ROOT; };
		69EE72AA24F912BF00CCE169 /* ResultViewController.swift */ = {isa = PBXFileReference; lastKnownFileType = sourcecode.swift; path = ResultViewController.swift; sourceTree = "<group>"; };
		69EE72AC24F9142B00CCE169 /* ResultView.swift */ = {isa = PBXFileReference; lastKnownFileType = sourcecode.swift; path = ResultView.swift; sourceTree = "<group>"; };
		AD0B9F76230D61800065EFD9 /* BMI Calculator.app */ = {isa = PBXFileReference; explicitFileType = wrapper.application; includeInIndex = 0; path = "BMI Calculator.app"; sourceTree = BUILT_PRODUCTS_DIR; };
		AD0B9F79230D61800065EFD9 /* AppDelegate.swift */ = {isa = PBXFileReference; lastKnownFileType = sourcecode.swift; path = AppDelegate.swift; sourceTree = "<group>"; };
		AD0B9F7B230D61800065EFD9 /* SceneDelegate.swift */ = {isa = PBXFileReference; lastKnownFileType = sourcecode.swift; path = SceneDelegate.swift; sourceTree = "<group>"; };
		AD0B9F80230D61800065EFD9 /* Base */ = {isa = PBXFileReference; lastKnownFileType = file.storyboard; name = Base; path = Base.lproj/Main.storyboard; sourceTree = "<group>"; };
		AD0B9F82230D61840065EFD9 /* Assets.xcassets */ = {isa = PBXFileReference; lastKnownFileType = folder.assetcatalog; path = Assets.xcassets; sourceTree = "<group>"; };
		AD0B9F85230D61840065EFD9 /* Base */ = {isa = PBXFileReference; lastKnownFileType = file.storyboard; name = Base; path = Base.lproj/LaunchScreen.storyboard; sourceTree = "<group>"; };
		AD0B9F87230D61840065EFD9 /* Info.plist */ = {isa = PBXFileReference; lastKnownFileType = text.plist.xml; path = Info.plist; sourceTree = "<group>"; };
		AD6435992312D0BC00E22B00 /* README.md */ = {isa = PBXFileReference; fileEncoding = 4; lastKnownFileType = net.daringfireball.markdown; path = README.md; sourceTree = "<group>"; };
/* End PBXFileReference section */

/* Begin PBXFrameworksBuildPhase section */
		69A42E7724F547E00080DFD0 /* Frameworks */ = {
			isa = PBXFrameworksBuildPhase;
			buildActionMask = 2147483647;
			files = (
			);
			runOnlyForDeploymentPostprocessing = 0;
		};
		AD0B9F73230D61800065EFD9 /* Frameworks */ = {
			isa = PBXFrameworksBuildPhase;
			buildActionMask = 2147483647;
			files = (
			);
			runOnlyForDeploymentPostprocessing = 0;
		};
/* End PBXFrameworksBuildPhase section */

/* Begin PBXGroup section */
		696C4C6624F545CB00B6E024 /* BMI */ = {
			isa = PBXGroup;
			children = (
				696C4C6424F5459300B6E024 /* MainBMIViewController.swift */,
				69EE72AC24F9142B00CCE169 /* ResultView.swift */,
				69EE72AA24F912BF00CCE169 /* ResultViewController.swift */,
			);
			path = BMI;
			sourceTree = "<group>";
		};
		698863702505E2110020433D /* Utils */ = {
			isa = PBXGroup;
			children = (
				696C4C6724F545E200B6E024 /* UnitFormatter.swift */,
			);
			path = Utils;
			sourceTree = "<group>";
		};
		69A42E7B24F547E00080DFD0 /* BMI CalculatorTests */ = {
			isa = PBXGroup;
			children = (
				69A42E7C24F547E00080DFD0 /* BMI_CalculatorTests.swift */,
				69A42E7E24F547E00080DFD0 /* Info.plist */,
				69A42E8424F548100080DFD0 /* UnitFormatterTest.swift */,
			);
			path = "BMI CalculatorTests";
			sourceTree = "<group>";
		};
		AD0B9F6D230D61800065EFD9 = {
			isa = PBXGroup;
			children = (
				AD6435992312D0BC00E22B00 /* README.md */,
				AD0B9F78230D61800065EFD9 /* BMI Calculator */,
				69A42E7B24F547E00080DFD0 /* BMI CalculatorTests */,
				AD0B9F77230D61800065EFD9 /* Products */,
			);
			sourceTree = "<group>";
		};
		AD0B9F77230D61800065EFD9 /* Products */ = {
			isa = PBXGroup;
			children = (
				AD0B9F76230D61800065EFD9 /* BMI Calculator.app */,
				69A42E7A24F547E00080DFD0 /* BMI CalculatorTests.xctest */,
			);
			name = Products;
			sourceTree = "<group>";
		};
		AD0B9F78230D61800065EFD9 /* BMI Calculator */ = {
			isa = PBXGroup;
			children = (
				AD0B9F79230D61800065EFD9 /* AppDelegate.swift */,
				AD0B9F7B230D61800065EFD9 /* SceneDelegate.swift */,
				698863702505E2110020433D /* Utils */,
				AD0B9F8F230D63EA0065EFD9 /* Models */,
				AD0B9F8E230D63E10065EFD9 /* Views */,
				AD0B9F8D230D63D70065EFD9 /* Module */,
				AD0B9F82230D61840065EFD9 /* Assets.xcassets */,
				AD0B9F84230D61840065EFD9 /* LaunchScreen.storyboard */,
				AD0B9F87230D61840065EFD9 /* Info.plist */,
			);
			path = "BMI Calculator";
			sourceTree = "<group>";
		};
		AD0B9F8D230D63D70065EFD9 /* Module */ = {
			isa = PBXGroup;
			children = (
				696C4C6624F545CB00B6E024 /* BMI */,
			);
			path = Module;
			sourceTree = "<group>";
		};
		AD0B9F8E230D63E10065EFD9 /* Views */ = {
			isa = PBXGroup;
			children = (
				AD0B9F7F230D61800065EFD9 /* Main.storyboard */,
			);
			path = Views;
			sourceTree = "<group>";
		};
		AD0B9F8F230D63EA0065EFD9 /* Models */ = {
			isa = PBXGroup;
			children = (
				69A42E8624F5561D0080DFD0 /* BMICalculator.swift */,
			);
			path = Models;
			sourceTree = "<group>";
		};
/* End PBXGroup section */

/* Begin PBXNativeTarget section */
		69A42E7924F547E00080DFD0 /* BMI CalculatorTests */ = {
			isa = PBXNativeTarget;
			buildConfigurationList = 69A42E8324F547E10080DFD0 /* Build configuration list for PBXNativeTarget "BMI CalculatorTests" */;
			buildPhases = (
				69A42E7624F547E00080DFD0 /* Sources */,
				69A42E7724F547E00080DFD0 /* Frameworks */,
				69A42E7824F547E00080DFD0 /* Resources */,
			);
			buildRules = (
			);
			dependencies = (
				69A42E8024F547E00080DFD0 /* PBXTargetDependency */,
			);
			name = "BMI CalculatorTests";
			productName = "BMI CalculatorTests";
			productReference = 69A42E7A24F547E00080DFD0 /* BMI CalculatorTests.xctest */;
			productType = "com.apple.product-type.bundle.unit-test";
		};
		AD0B9F75230D61800065EFD9 /* BMI Calculator */ = {
			isa = PBXNativeTarget;
			buildConfigurationList = AD0B9F8A230D61840065EFD9 /* Build configuration list for PBXNativeTarget "BMI Calculator" */;
			buildPhases = (
				AD0B9F72230D61800065EFD9 /* Sources */,
				AD0B9F73230D61800065EFD9 /* Frameworks */,
				AD0B9F74230D61800065EFD9 /* Resources */,
			);
			buildRules = (
			);
			dependencies = (
			);
			name = "BMI Calculator";
			productName = "BMI Calculator";
			productReference = AD0B9F76230D61800065EFD9 /* BMI Calculator.app */;
			productType = "com.apple.product-type.application";
		};
/* End PBXNativeTarget section */

/* Begin PBXProject section */
		AD0B9F6E230D61800065EFD9 /* Project object */ = {
			isa = PBXProject;
			attributes = {
				LastSwiftUpdateCheck = 1150;
				LastUpgradeCheck = 1100;
				ORGANIZATIONNAME = "Angela Yu";
				TargetAttributes = {
					69A42E7924F547E00080DFD0 = {
						CreatedOnToolsVersion = 11.5;
						TestTargetID = AD0B9F75230D61800065EFD9;
					};
					AD0B9F75230D61800065EFD9 = {
						CreatedOnToolsVersion = 11.0;
					};
				};
			};
			buildConfigurationList = AD0B9F71230D61800065EFD9 /* Build configuration list for PBXProject "BMI Calculator" */;
			compatibilityVersion = "Xcode 9.3";
			developmentRegion = en;
			hasScannedForEncodings = 0;
			knownRegions = (
				en,
				Base,
			);
			mainGroup = AD0B9F6D230D61800065EFD9;
			productRefGroup = AD0B9F77230D61800065EFD9 /* Products */;
			projectDirPath = "";
			projectRoot = "";
			targets = (
				AD0B9F75230D61800065EFD9 /* BMI Calculator */,
				69A42E7924F547E00080DFD0 /* BMI CalculatorTests */,
			);
		};
/* End PBXProject section */

/* Begin PBXResourcesBuildPhase section */
		69A42E7824F547E00080DFD0 /* Resources */ = {
			isa = PBXResourcesBuildPhase;
			buildActionMask = 2147483647;
			files = (
			);
			runOnlyForDeploymentPostprocessing = 0;
		};
		AD0B9F74230D61800065EFD9 /* Resources */ = {
			isa = PBXResourcesBuildPhase;
			buildActionMask = 2147483647;
			files = (
				AD0B9F86230D61840065EFD9 /* LaunchScreen.storyboard in Resources */,
				AD0B9F83230D61840065EFD9 /* Assets.xcassets in Resources */,
				AD64359A2312D0BC00E22B00 /* README.md in Resources */,
				AD0B9F81230D61800065EFD9 /* Main.storyboard in Resources */,
			);
			runOnlyForDeploymentPostprocessing = 0;
		};
/* End PBXResourcesBuildPhase section */

/* Begin PBXSourcesBuildPhase section */
		69A42E7624F547E00080DFD0 /* Sources */ = {
			isa = PBXSourcesBuildPhase;
			buildActionMask = 2147483647;
			files = (
				69A42E8524F548100080DFD0 /* UnitFormatterTest.swift in Sources */,
				69A42E7D24F547E00080DFD0 /* BMI_CalculatorTests.swift in Sources */,
			);
			runOnlyForDeploymentPostprocessing = 0;
		};
		AD0B9F72230D61800065EFD9 /* Sources */ = {
			isa = PBXSourcesBuildPhase;
			buildActionMask = 2147483647;
			files = (
				AD0B9F7A230D61800065EFD9 /* AppDelegate.swift in Sources */,
				696C4C6524F5459300B6E024 /* MainBMIViewController.swift in Sources */,
				69A42E8724F5561D0080DFD0 /* BMICalculator.swift in Sources */,
				696C4C6824F545E200B6E024 /* UnitFormatter.swift in Sources */,
				AD0B9F7C230D61800065EFD9 /* SceneDelegate.swift in Sources */,
				69EE72AD24F9142B00CCE169 /* ResultView.swift in Sources */,
				69EE72AB24F912BF00CCE169 /* ResultViewController.swift in Sources */,
			);
			runOnlyForDeploymentPostprocessing = 0;
		};
/* End PBXSourcesBuildPhase section */

/* Begin PBXTargetDependency section */
		69A42E8024F547E00080DFD0 /* PBXTargetDependency */ = {
			isa = PBXTargetDependency;
			target = AD0B9F75230D61800065EFD9 /* BMI Calculator */;
			targetProxy = 69A42E7F24F547E00080DFD0 /* PBXContainerItemProxy */;
		};
/* End PBXTargetDependency section */

/* Begin PBXVariantGroup section */
		AD0B9F7F230D61800065EFD9 /* Main.storyboard */ = {
			isa = PBXVariantGroup;
			children = (
				AD0B9F80230D61800065EFD9 /* Base */,
			);
			name = Main.storyboard;
			sourceTree = "<group>";
		};
		AD0B9F84230D61840065EFD9 /* LaunchScreen.storyboard */ = {
			isa = PBXVariantGroup;
			children = (
				AD0B9F85230D61840065EFD9 /* Base */,
			);
			name = LaunchScreen.storyboard;
			sourceTree = "<group>";
		};
/* End PBXVariantGroup section */

/* Begin XCBuildConfiguration section */
		69A42E8124F547E10080DFD0 /* Debug */ = {
			isa = XCBuildConfiguration;
			buildSettings = {
				BUNDLE_LOADER = "$(TEST_HOST)";
				CODE_SIGN_STYLE = Automatic;
				DEVELOPMENT_TEAM = BJQF9JJWDE;
				INFOPLIST_FILE = "BMI CalculatorTests/Info.plist";
				IPHONEOS_DEPLOYMENT_TARGET = 13.5;
				LD_RUNPATH_SEARCH_PATHS = (
					"$(inherited)",
					"@executable_path/Frameworks",
					"@loader_path/Frameworks",
				);
				PRODUCT_BUNDLE_IDENTIFIER = "JLCS.BMI-CalculatorTests";
				PRODUCT_NAME = "$(TARGET_NAME)";
				SWIFT_VERSION = 5.0;
				TARGETED_DEVICE_FAMILY = "1,2";
				TEST_HOST = "$(BUILT_PRODUCTS_DIR)/BMI Calculator.app/BMI Calculator";
			};
			name = Debug;
		};
		69A42E8224F547E10080DFD0 /* Release */ = {
			isa = XCBuildConfiguration;
			buildSettings = {
				BUNDLE_LOADER = "$(TEST_HOST)";
				CODE_SIGN_STYLE = Automatic;
				DEVELOPMENT_TEAM = BJQF9JJWDE;
				INFOPLIST_FILE = "BMI CalculatorTests/Info.plist";
				IPHONEOS_DEPLOYMENT_TARGET = 13.5;
				LD_RUNPATH_SEARCH_PATHS = (
					"$(inherited)",
					"@executable_path/Frameworks",
					"@loader_path/Frameworks",
				);
				PRODUCT_BUNDLE_IDENTIFIER = "JLCS.BMI-CalculatorTests";
				PRODUCT_NAME = "$(TARGET_NAME)";
				SWIFT_VERSION = 5.0;
				TARGETED_DEVICE_FAMILY = "1,2";
				TEST_HOST = "$(BUILT_PRODUCTS_DIR)/BMI Calculator.app/BMI Calculator";
			};
			name = Release;
		};
		AD0B9F88230D61840065EFD9 /* Debug */ = {
			isa = XCBuildConfiguration;
			buildSettings = {
				ALWAYS_SEARCH_USER_PATHS = NO;
				CLANG_ANALYZER_NONNULL = YES;
				CLANG_ANALYZER_NUMBER_OBJECT_CONVERSION = YES_AGGRESSIVE;
				CLANG_CXX_LANGUAGE_STANDARD = "gnu++14";
				CLANG_CXX_LIBRARY = "libc++";
				CLANG_ENABLE_MODULES = YES;
				CLANG_ENABLE_OBJC_ARC = YES;
				CLANG_ENABLE_OBJC_WEAK = YES;
				CLANG_WARN_BLOCK_CAPTURE_AUTORELEASING = YES;
				CLANG_WARN_BOOL_CONVERSION = YES;
				CLANG_WARN_COMMA = YES;
				CLANG_WARN_CONSTANT_CONVERSION = YES;
				CLANG_WARN_DEPRECATED_OBJC_IMPLEMENTATIONS = YES;
				CLANG_WARN_DIRECT_OBJC_ISA_USAGE = YES_ERROR;
				CLANG_WARN_DOCUMENTATION_COMMENTS = YES;
				CLANG_WARN_EMPTY_BODY = YES;
				CLANG_WARN_ENUM_CONVERSION = YES;
				CLANG_WARN_INFINITE_RECURSION = YES;
				CLANG_WARN_INT_CONVERSION = YES;
				CLANG_WARN_NON_LITERAL_NULL_CONVERSION = YES;
				CLANG_WARN_OBJC_IMPLICIT_RETAIN_SELF = YES;
				CLANG_WARN_OBJC_LITERAL_CONVERSION = YES;
				CLANG_WARN_OBJC_ROOT_CLASS = YES_ERROR;
				CLANG_WARN_RANGE_LOOP_ANALYSIS = YES;
				CLANG_WARN_STRICT_PROTOTYPES = YES;
				CLANG_WARN_SUSPICIOUS_MOVE = YES;
				CLANG_WARN_UNGUARDED_AVAILABILITY = YES_AGGRESSIVE;
				CLANG_WARN_UNREACHABLE_CODE = YES;
				CLANG_WARN__DUPLICATE_METHOD_MATCH = YES;
				COPY_PHASE_STRIP = NO;
				DEBUG_INFORMATION_FORMAT = dwarf;
				ENABLE_STRICT_OBJC_MSGSEND = YES;
				ENABLE_TESTABILITY = YES;
				GCC_C_LANGUAGE_STANDARD = gnu11;
				GCC_DYNAMIC_NO_PIC = NO;
				GCC_NO_COMMON_BLOCKS = YES;
				GCC_OPTIMIZATION_LEVEL = 0;
				GCC_PREPROCESSOR_DEFINITIONS = (
					"DEBUG=1",
					"$(inherited)",
				);
				GCC_WARN_64_TO_32_BIT_CONVERSION = YES;
				GCC_WARN_ABOUT_RETURN_TYPE = YES_ERROR;
				GCC_WARN_UNDECLARED_SELECTOR = YES;
				GCC_WARN_UNINITIALIZED_AUTOS = YES_AGGRESSIVE;
				GCC_WARN_UNUSED_FUNCTION = YES;
				GCC_WARN_UNUSED_VARIABLE = YES;
				IPHONEOS_DEPLOYMENT_TARGET = 13.0;
				MTL_ENABLE_DEBUG_INFO = INCLUDE_SOURCE;
				MTL_FAST_MATH = YES;
				ONLY_ACTIVE_ARCH = YES;
				SDKROOT = iphoneos;
				SWIFT_ACTIVE_COMPILATION_CONDITIONS = DEBUG;
				SWIFT_OPTIMIZATION_LEVEL = "-Onone";
			};
			name = Debug;
		};
		AD0B9F89230D61840065EFD9 /* Release */ = {
			isa = XCBuildConfiguration;
			buildSettings = {
				ALWAYS_SEARCH_USER_PATHS = NO;
				CLANG_ANALYZER_NONNULL = YES;
				CLANG_ANALYZER_NUMBER_OBJECT_CONVERSION = YES_AGGRESSIVE;
				CLANG_CXX_LANGUAGE_STANDARD = "gnu++14";
				CLANG_CXX_LIBRARY = "libc++";
				CLANG_ENABLE_MODULES = YES;
				CLANG_ENABLE_OBJC_ARC = YES;
				CLANG_ENABLE_OBJC_WEAK = YES;
				CLANG_WARN_BLOCK_CAPTURE_AUTORELEASING = YES;
				CLANG_WARN_BOOL_CONVERSION = YES;
				CLANG_WARN_COMMA = YES;
				CLANG_WARN_CONSTANT_CONVERSION = YES;
				CLANG_WARN_DEPRECATED_OBJC_IMPLEMENTATIONS = YES;
				CLANG_WARN_DIRECT_OBJC_ISA_USAGE = YES_ERROR;
				CLANG_WARN_DOCUMENTATION_COMMENTS = YES;
				CLANG_WARN_EMPTY_BODY = YES;
				CLANG_WARN_ENUM_CONVERSION = YES;
				CLANG_WARN_INFINITE_RECURSION = YES;
				CLANG_WARN_INT_CONVERSION = YES;
				CLANG_WARN_NON_LITERAL_NULL_CONVERSION = YES;
				CLANG_WARN_OBJC_IMPLICIT_RETAIN_SELF = YES;
				CLANG_WARN_OBJC_LITERAL_CONVERSION = YES;
				CLANG_WARN_OBJC_ROOT_CLASS = YES_ERROR;
				CLANG_WARN_RANGE_LOOP_ANALYSIS = YES;
				CLANG_WARN_STRICT_PROTOTYPES = YES;
				CLANG_WARN_SUSPICIOUS_MOVE = YES;
				CLANG_WARN_UNGUARDED_AVAILABILITY = YES_AGGRESSIVE;
				CLANG_WARN_UNREACHABLE_CODE = YES;
				CLANG_WARN__DUPLICATE_METHOD_MATCH = YES;
				COPY_PHASE_STRIP = NO;
				DEBUG_INFORMATION_FORMAT = "dwarf-with-dsym";
				ENABLE_NS_ASSERTIONS = NO;
				ENABLE_STRICT_OBJC_MSGSEND = YES;
				GCC_C_LANGUAGE_STANDARD = gnu11;
				GCC_NO_COMMON_BLOCKS = YES;
				GCC_WARN_64_TO_32_BIT_CONVERSION = YES;
				GCC_WARN_ABOUT_RETURN_TYPE = YES_ERROR;
				GCC_WARN_UNDECLARED_SELECTOR = YES;
				GCC_WARN_UNINITIALIZED_AUTOS = YES_AGGRESSIVE;
				GCC_WARN_UNUSED_FUNCTION = YES;
				GCC_WARN_UNUSED_VARIABLE = YES;
				IPHONEOS_DEPLOYMENT_TARGET = 13.0;
				MTL_ENABLE_DEBUG_INFO = NO;
				MTL_FAST_MATH = YES;
				SDKROOT = iphoneos;
				SWIFT_COMPILATION_MODE = wholemodule;
				SWIFT_OPTIMIZATION_LEVEL = "-O";
				VALIDATE_PRODUCT = YES;
			};
			name = Release;
		};
		AD0B9F8B230D61840065EFD9 /* Debug */ = {
			isa = XCBuildConfiguration;
			buildSettings = {
				ASSETCATALOG_COMPILER_APPICON_NAME = AppIcon;
				CODE_SIGN_STYLE = Automatic;
				DEVELOPMENT_TEAM = BJQF9JJWDE;
				INFOPLIST_FILE = "BMI Calculator/Info.plist";
				LD_RUNPATH_SEARCH_PATHS = (
					"$(inherited)",
					"@executable_path/Frameworks",
				);
				PRODUCT_BUNDLE_IDENTIFIER = "co.appbrewery.BMI-Calculator-JLCS";
				PRODUCT_NAME = "$(TARGET_NAME)";
				SWIFT_VERSION = 5.0;
				TARGETED_DEVICE_FAMILY = "1,2";
			};
			name = Debug;
		};
		AD0B9F8C230D61840065EFD9 /* Release */ = {
			isa = XCBuildConfiguration;
			buildSettings = {
				ASSETCATALOG_COMPILER_APPICON_NAME = AppIcon;
				CODE_SIGN_STYLE = Automatic;
				DEVELOPMENT_TEAM = BJQF9JJWDE;
				INFOPLIST_FILE = "BMI Calculator/Info.plist";
				LD_RUNPATH_SEARCH_PATHS = (
					"$(inherited)",
					"@executable_path/Frameworks",
				);
				PRODUCT_BUNDLE_IDENTIFIER = "co.appbrewery.BMI-Calculator-JLCS";
				PRODUCT_NAME = "$(TARGET_NAME)";
				SWIFT_VERSION = 5.0;
				TARGETED_DEVICE_FAMILY = "1,2";
			};
			name = Release;
		};
/* End XCBuildConfiguration section */

/* Begin XCConfigurationList section */
		69A42E8324F547E10080DFD0 /* Build configuration list for PBXNativeTarget "BMI CalculatorTests" */ = {
			isa = XCConfigurationList;
			buildConfigurations = (
				69A42E8124F547E10080DFD0 /* Debug */,
				69A42E8224F547E10080DFD0 /* Release */,
			);
			defaultConfigurationIsVisible = 0;
			defaultConfigurationName = Release;
		};
		AD0B9F71230D61800065EFD9 /* Build configuration list for PBXProject "BMI Calculator" */ = {
			isa = XCConfigurationList;
			buildConfigurations = (
				AD0B9F88230D61840065EFD9 /* Debug */,
				AD0B9F89230D61840065EFD9 /* Release */,
			);
			defaultConfigurationIsVisible = 0;
			defaultConfigurationName = Release;
		};
		AD0B9F8A230D61840065EFD9 /* Build configuration list for PBXNativeTarget "BMI Calculator" */ = {
			isa = XCConfigurationList;
			buildConfigurations = (
				AD0B9F8B230D61840065EFD9 /* Debug */,
				AD0B9F8C230D61840065EFD9 /* Release */,
			);
			defaultConfigurationIsVisible = 0;
			defaultConfigurationName = Release;
		};
/* End XCConfigurationList section */
	};
	rootObject = AD0B9F6E230D61800065EFD9 /* Project object */;
}
