// !$*UTF8*$!
{
	archiveVersion = 1;
	classes = {
	};
	objectVersion = 50;
	objects = {

/* Begin PBXBuildFile section */
		69CDC7EE24AF760700DC4FF1 /* Main.storyboard in Resources */ = {isa = PBXBuildFile; fileRef = 69CDC7EC24AF760700DC4FF1 /* Main.storyboard */; };
		69CDC7F124AF761400DC4FF1 /* LaunchScreen.storyboard in Resources */ = {isa = PBXBuildFile; fileRef = 69CDC7EF24AF761400DC4FF1 /* LaunchScreen.storyboard */; };
		69E9E03B24AF74EF008817EF /* AppDelegate.swift in Sources */ = {isa = PBXBuildFile; fileRef = 69E9E03A24AF74EF008817EF /* AppDelegate.swift */; };
		69E9E03D24AF74EF008817EF /* SceneDelegate.swift in Sources */ = {isa = PBXBuildFile; fileRef = 69E9E03C24AF74EF008817EF /* SceneDelegate.swift */; };
		69E9E03F24AF74EF008817EF /* ViewController.swift in Sources */ = {isa = PBXBuildFile; fileRef = 69E9E03E24AF74EF008817EF /* ViewController.swift */; };
		69E9E04424AF74EF008817EF /* Assets.xcassets in Resources */ = {isa = PBXBuildFile; fileRef = 69E9E04324AF74EF008817EF /* Assets.xcassets */; };
		69E9E05424AF7574008817EF /* alarm_sound.mp3 in Resources */ = {isa = PBXBuildFile; fileRef = 69E9E05324AF7574008817EF /* alarm_sound.mp3 */; };
/* End PBXBuildFile section */

/* Begin PBXFileReference section */
		69CDC7ED24AF760700DC4FF1 /* Base */ = {isa = PBXFileReference; lastKnownFileType = file.storyboard; name = Base; path = "Egg Timer/Base.lproj/Main.storyboard"; sourceTree = SOURCE_ROOT; };
		69CDC7F024AF761400DC4FF1 /* Base */ = {isa = PBXFileReference; lastKnownFileType = file.storyboard; name = Base; path = "Egg Timer/Base.lproj/LaunchScreen.storyboard"; sourceTree = SOURCE_ROOT; };
		69E9E03724AF74EF008817EF /* Egg Timer.app */ = {isa = PBXFileReference; explicitFileType = wrapper.application; includeInIndex = 0; path = "Egg Timer.app"; sourceTree = BUILT_PRODUCTS_DIR; };
		69E9E03A24AF74EF008817EF /* AppDelegate.swift */ = {isa = PBXFileReference; lastKnownFileType = sourcecode.swift; name = AppDelegate.swift; path = ../AppDelegate.swift; sourceTree = "<group>"; };
		69E9E03C24AF74EF008817EF /* SceneDelegate.swift */ = {isa = PBXFileReference; lastKnownFileType = sourcecode.swift; name = SceneDelegate.swift; path = ../SceneDelegate.swift; sourceTree = "<group>"; };
		69E9E03E24AF74EF008817EF /* ViewController.swift */ = {isa = PBXFileReference; lastKnownFileType = sourcecode.swift; name = ViewController.swift; path = ../ViewController.swift; sourceTree = "<group>"; };
		69E9E04324AF74EF008817EF /* Assets.xcassets */ = {isa = PBXFileReference; lastKnownFileType = folder.assetcatalog; path = Assets.xcassets; sourceTree = "<group>"; };
		69E9E04824AF74EF008817EF /* Info.plist */ = {isa = PBXFileReference; lastKnownFileType = text.plist.xml; name = Info.plist; path = "Egg Timer/Supporting Files/Info.plist"; sourceTree = SOURCE_ROOT; };
		69E9E05324AF7574008817EF /* alarm_sound.mp3 */ = {isa = PBXFileReference; lastKnownFileType = audio.mp3; path = alarm_sound.mp3; sourceTree = "<group>"; };
/* End PBXFileReference section */

/* Begin PBXFrameworksBuildPhase section */
		69E9E03424AF74EF008817EF /* Frameworks */ = {
			isa = PBXFrameworksBuildPhase;
			buildActionMask = 2147483647;
			files = (
			);
			runOnlyForDeploymentPostprocessing = 0;
		};
/* End PBXFrameworksBuildPhase section */

/* Begin PBXGroup section */
		69E9E02E24AF74EF008817EF = {
			isa = PBXGroup;
			children = (
				69E9E03924AF74EF008817EF /* Egg Timer */,
				69E9E03824AF74EF008817EF /* Products */,
			);
			sourceTree = "<group>";
		};
		69E9E03824AF74EF008817EF /* Products */ = {
			isa = PBXGroup;
			children = (
				69E9E03724AF74EF008817EF /* Egg Timer.app */,
			);
			name = Products;
			sourceTree = "<group>";
		};
		69E9E03924AF74EF008817EF /* Egg Timer */ = {
			isa = PBXGroup;
			children = (
				69E9E04E24AF74F4008817EF /* App Delegate & Scene Delegate */,
				69E9E04F24AF74FB008817EF /* View Controller */,
				69E9E05024AF7500008817EF /* Storyboards */,
				69E9E05124AF7505008817EF /* Resources */,
				69E9E05224AF7509008817EF /* Supporting Files */,
			);
			path = "Egg Timer";
			sourceTree = "<group>";
		};
		69E9E04E24AF74F4008817EF /* App Delegate & Scene Delegate */ = {
			isa = PBXGroup;
			children = (
				69E9E03A24AF74EF008817EF /* AppDelegate.swift */,
				69E9E03C24AF74EF008817EF /* SceneDelegate.swift */,
			);
			path = "App Delegate & Scene Delegate";
			sourceTree = "<group>";
		};
		69E9E04F24AF74FB008817EF /* View Controller */ = {
			isa = PBXGroup;
			children = (
				69E9E03E24AF74EF008817EF /* ViewController.swift */,
			);
			path = "View Controller";
			sourceTree = "<group>";
		};
		69E9E05024AF7500008817EF /* Storyboards */ = {
			isa = PBXGroup;
			children = (
				69CDC7EC24AF760700DC4FF1 /* Main.storyboard */,
				69CDC7EF24AF761400DC4FF1 /* LaunchScreen.storyboard */,
			);
			path = Storyboards;
			sourceTree = "<group>";
		};
		69E9E05124AF7505008817EF /* Resources */ = {
			isa = PBXGroup;
			children = (
				69E9E05324AF7574008817EF /* alarm_sound.mp3 */,
				69E9E04324AF74EF008817EF /* Assets.xcassets */,
			);
			path = Resources;
			sourceTree = "<group>";
		};
		69E9E05224AF7509008817EF /* Supporting Files */ = {
			isa = PBXGroup;
			children = (
				69E9E04824AF74EF008817EF /* Info.plist */,
			);
			path = "Supporting Files";
			sourceTree = "<group>";
		};
/* End PBXGroup section */

/* Begin PBXNativeTarget section */
		69E9E03624AF74EF008817EF /* Egg Timer */ = {
			isa = PBXNativeTarget;
			buildConfigurationList = 69E9E04B24AF74EF008817EF /* Build configuration list for PBXNativeTarget "Egg Timer" */;
			buildPhases = (
				69E9E03324AF74EF008817EF /* Sources */,
				69E9E03424AF74EF008817EF /* Frameworks */,
				69E9E03524AF74EF008817EF /* Resources */,
			);
			buildRules = (
			);
			dependencies = (
			);
			name = "Egg Timer";
			productName = "Egg Timer";
			productReference = 69E9E03724AF74EF008817EF /* Egg Timer.app */;
			productType = "com.apple.product-type.application";
		};
/* End PBXNativeTarget section */

/* Begin PBXProject section */
		69E9E02F24AF74EF008817EF /* Project object */ = {
			isa = PBXProject;
			attributes = {
				LastSwiftUpdateCheck = 1150;
				LastUpgradeCheck = 1150;
				ORGANIZATIONNAME = "JLCS Inc.";
				TargetAttributes = {
					69E9E03624AF74EF008817EF = {
						CreatedOnToolsVersion = 11.5;
					};
				};
			};
			buildConfigurationList = 69E9E03224AF74EF008817EF /* Build configuration list for PBXProject "Egg Timer" */;
			compatibilityVersion = "Xcode 9.3";
			developmentRegion = en;
			hasScannedForEncodings = 0;
			knownRegions = (
				en,
				Base,
			);
			mainGroup = 69E9E02E24AF74EF008817EF;
			productRefGroup = 69E9E03824AF74EF008817EF /* Products */;
			projectDirPath = "";
			projectRoot = "";
			targets = (
				69E9E03624AF74EF008817EF /* Egg Timer */,
			);
		};
/* End PBXProject section */

/* Begin PBXResourcesBuildPhase section */
		69E9E03524AF74EF008817EF /* Resources */ = {
			isa = PBXResourcesBuildPhase;
			buildActionMask = 2147483647;
			files = (
				69CDC7EE24AF760700DC4FF1 /* Main.storyboard in Resources */,
				69E9E04424AF74EF008817EF /* Assets.xcassets in Resources */,
				69CDC7F124AF761400DC4FF1 /* LaunchScreen.storyboard in Resources */,
				69E9E05424AF7574008817EF /* alarm_sound.mp3 in Resources */,
			);
			runOnlyForDeploymentPostprocessing = 0;
		};
/* End PBXResourcesBuildPhase section */

/* Begin PBXSourcesBuildPhase section */
		69E9E03324AF74EF008817EF /* Sources */ = {
			isa = PBXSourcesBuildPhase;
			buildActionMask = 2147483647;
			files = (
				69E9E03F24AF74EF008817EF /* ViewController.swift in Sources */,
				69E9E03B24AF74EF008817EF /* AppDelegate.swift in Sources */,
				69E9E03D24AF74EF008817EF /* SceneDelegate.swift in Sources */,
			);
			runOnlyForDeploymentPostprocessing = 0;
		};
/* End PBXSourcesBuildPhase section */

/* Begin PBXVariantGroup section */
		69CDC7EC24AF760700DC4FF1 /* Main.storyboard */ = {
			isa = PBXVariantGroup;
			children = (
				69CDC7ED24AF760700DC4FF1 /* Base */,
			);
			name = Main.storyboard;
			sourceTree = "<group>";
		};
		69CDC7EF24AF761400DC4FF1 /* LaunchScreen.storyboard */ = {
			isa = PBXVariantGroup;
			children = (
				69CDC7F024AF761400DC4FF1 /* Base */,
			);
			name = LaunchScreen.storyboard;
			sourceTree = "<group>";
		};
/* End PBXVariantGroup section */

/* Begin XCBuildConfiguration section */
		69E9E04924AF74EF008817EF /* Debug */ = {
			isa = XCBuildConfiguration;
			buildSettings = {
				ALWAYS_SEARCH_USER_PATHS = NO;
				CLANG_ANALYZER_NONNULL = YES;
				CLANG_ANALYZER_NUMBER_OBJECT_CONVERSION = YES_AGGRESSIVE;
				CLANG_CXX_LANGUAGE_STANDARD = "gnu++14";
				CLANG_CXX_LIBRARY = "libc++";
				CLANG_ENABLE_MODULES = YES;
				CLANG_ENABLE_OBJC_ARC = YES;
				CLANG_ENABLE_OBJC_WEAK = YES;
				CLANG_WARN_BLOCK_CAPTURE_AUTORELEASING = YES;
				CLANG_WARN_BOOL_CONVERSION = YES;
				CLANG_WARN_COMMA = YES;
				CLANG_WARN_CONSTANT_CONVERSION = YES;
				CLANG_WARN_DEPRECATED_OBJC_IMPLEMENTATIONS = YES;
				CLANG_WARN_DIRECT_OBJC_ISA_USAGE = YES_ERROR;
				CLANG_WARN_DOCUMENTATION_COMMENTS = YES;
				CLANG_WARN_EMPTY_BODY = YES;
				CLANG_WARN_ENUM_CONVERSION = YES;
				CLANG_WARN_INFINITE_RECURSION = YES;
				CLANG_WARN_INT_CONVERSION = YES;
				CLANG_WARN_NON_LITERAL_NULL_CONVERSION = YES;
				CLANG_WARN_OBJC_IMPLICIT_RETAIN_SELF = YES;
				CLANG_WARN_OBJC_LITERAL_CONVERSION = YES;
				CLANG_WARN_OBJC_ROOT_CLASS = YES_ERROR;
				CLANG_WARN_RANGE_LOOP_ANALYSIS = YES;
				CLANG_WARN_STRICT_PROTOTYPES = YES;
				CLANG_WARN_SUSPICIOUS_MOVE = YES;
				CLANG_WARN_UNGUARDED_AVAILABILITY = YES_AGGRESSIVE;
				CLANG_WARN_UNREACHABLE_CODE = YES;
				CLANG_WARN__DUPLICATE_METHOD_MATCH = YES;
				COPY_PHASE_STRIP = NO;
				DEBUG_INFORMATION_FORMAT = dwarf;
				ENABLE_STRICT_OBJC_MSGSEND = YES;
				ENABLE_TESTABILITY = YES;
				GCC_C_LANGUAGE_STANDARD = gnu11;
				GCC_DYNAMIC_NO_PIC = NO;
				GCC_NO_COMMON_BLOCKS = YES;
				GCC_OPTIMIZATION_LEVEL = 0;
				GCC_PREPROCESSOR_DEFINITIONS = (
					"DEBUG=1",
					"$(inherited)",
				);
				GCC_WARN_64_TO_32_BIT_CONVERSION = YES;
				GCC_WARN_ABOUT_RETURN_TYPE = YES_ERROR;
				GCC_WARN_UNDECLARED_SELECTOR = YES;
				GCC_WARN_UNINITIALIZED_AUTOS = YES_AGGRESSIVE;
				GCC_WARN_UNUSED_FUNCTION = YES;
				GCC_WARN_UNUSED_VARIABLE = YES;
				IPHONEOS_DEPLOYMENT_TARGET = 13.5;
				MTL_ENABLE_DEBUG_INFO = INCLUDE_SOURCE;
				MTL_FAST_MATH = YES;
				ONLY_ACTIVE_ARCH = YES;
				SDKROOT = iphoneos;
				SWIFT_ACTIVE_COMPILATION_CONDITIONS = DEBUG;
				SWIFT_OPTIMIZATION_LEVEL = "-Onone";
			};
			name = Debug;
		};
		69E9E04A24AF74EF008817EF /* Release */ = {
			isa = XCBuildConfiguration;
			buildSettings = {
				ALWAYS_SEARCH_USER_PATHS = NO;
				CLANG_ANALYZER_NONNULL = YES;
				CLANG_ANALYZER_NUMBER_OBJECT_CONVERSION = YES_AGGRESSIVE;
				CLANG_CXX_LANGUAGE_STANDARD = "gnu++14";
				CLANG_CXX_LIBRARY = "libc++";
				CLANG_ENABLE_MODULES = YES;
				CLANG_ENABLE_OBJC_ARC = YES;
				CLANG_ENABLE_OBJC_WEAK = YES;
				CLANG_WARN_BLOCK_CAPTURE_AUTORELEASING = YES;
				CLANG_WARN_BOOL_CONVERSION = YES;
				CLANG_WARN_COMMA = YES;
				CLANG_WARN_CONSTANT_CONVERSION = YES;
				CLANG_WARN_DEPRECATED_OBJC_IMPLEMENTATIONS = YES;
				CLANG_WARN_DIRECT_OBJC_ISA_USAGE = YES_ERROR;
				CLANG_WARN_DOCUMENTATION_COMMENTS = YES;
				CLANG_WARN_EMPTY_BODY = YES;
				CLANG_WARN_ENUM_CONVERSION = YES;
				CLANG_WARN_INFINITE_RECURSION = YES;
				CLANG_WARN_INT_CONVERSION = YES;
				CLANG_WARN_NON_LITERAL_NULL_CONVERSION = YES;
				CLANG_WARN_OBJC_IMPLICIT_RETAIN_SELF = YES;
				CLANG_WARN_OBJC_LITERAL_CONVERSION = YES;
				CLANG_WARN_OBJC_ROOT_CLASS = YES_ERROR;
				CLANG_WARN_RANGE_LOOP_ANALYSIS = YES;
				CLANG_WARN_STRICT_PROTOTYPES = YES;
				CLANG_WARN_SUSPICIOUS_MOVE = YES;
				CLANG_WARN_UNGUARDED_AVAILABILITY = YES_AGGRESSIVE;
				CLANG_WARN_UNREACHABLE_CODE = YES;
				CLANG_WARN__DUPLICATE_METHOD_MATCH = YES;
				COPY_PHASE_STRIP = NO;
				DEBUG_INFORMATION_FORMAT = "dwarf-with-dsym";
				ENABLE_NS_ASSERTIONS = NO;
				ENABLE_STRICT_OBJC_MSGSEND = YES;
				GCC_C_LANGUAGE_STANDARD = gnu11;
				GCC_NO_COMMON_BLOCKS = YES;
				GCC_WARN_64_TO_32_BIT_CONVERSION = YES;
				GCC_WARN_ABOUT_RETURN_TYPE = YES_ERROR;
				GCC_WARN_UNDECLARED_SELECTOR = YES;
				GCC_WARN_UNINITIALIZED_AUTOS = YES_AGGRESSIVE;
				GCC_WARN_UNUSED_FUNCTION = YES;
				GCC_WARN_UNUSED_VARIABLE = YES;
				IPHONEOS_DEPLOYMENT_TARGET = 13.5;
				MTL_ENABLE_DEBUG_INFO = NO;
				MTL_FAST_MATH = YES;
				SDKROOT = iphoneos;
				SWIFT_COMPILATION_MODE = wholemodule;
				SWIFT_OPTIMIZATION_LEVEL = "-O";
				VALIDATE_PRODUCT = YES;
			};
			name = Release;
		};
		69E9E04C24AF74EF008817EF /* Debug */ = {
			isa = XCBuildConfiguration;
			buildSettings = {
				ASSETCATALOG_COMPILER_APPICON_NAME = AppIcon;
				CODE_SIGN_STYLE = Automatic;
				DEVELOPMENT_TEAM = BJQF9JJWDE;
				INFOPLIST_FILE = "Egg Timer/Supporting Files/Info.plist";
				LD_RUNPATH_SEARCH_PATHS = (
					"$(inherited)",
					"@executable_path/Frameworks",
				);
				PRODUCT_BUNDLE_IDENTIFIER = "JLCS.Egg-Timer";
				PRODUCT_NAME = "$(TARGET_NAME)";
				SWIFT_VERSION = 5.0;
				TARGETED_DEVICE_FAMILY = "1,2";
			};
			name = Debug;
		};
		69E9E04D24AF74EF008817EF /* Release */ = {
			isa = XCBuildConfiguration;
			buildSettings = {
				ASSETCATALOG_COMPILER_APPICON_NAME = AppIcon;
				CODE_SIGN_STYLE = Automatic;
				DEVELOPMENT_TEAM = BJQF9JJWDE;
				INFOPLIST_FILE = "Egg Timer/Supporting Files/Info.plist";
				LD_RUNPATH_SEARCH_PATHS = (
					"$(inherited)",
					"@executable_path/Frameworks",
				);
				PRODUCT_BUNDLE_IDENTIFIER = "JLCS.Egg-Timer";
				PRODUCT_NAME = "$(TARGET_NAME)";
				SWIFT_VERSION = 5.0;
				TARGETED_DEVICE_FAMILY = "1,2";
			};
			name = Release;
		};
/* End XCBuildConfiguration section */

/* Begin XCConfigurationList section */
		69E9E03224AF74EF008817EF /* Build configuration list for PBXProject "Egg Timer" */ = {
			isa = XCConfigurationList;
			buildConfigurations = (
				69E9E04924AF74EF008817EF /* Debug */,
				69E9E04A24AF74EF008817EF /* Release */,
			);
			defaultConfigurationIsVisible = 0;
			defaultConfigurationName = Release;
		};
		69E9E04B24AF74EF008817EF /* Build configuration list for PBXNativeTarget "Egg Timer" */ = {
			isa = XCConfigurationList;
			buildConfigurations = (
				69E9E04C24AF74EF008817EF /* Debug */,
				69E9E04D24AF74EF008817EF /* Release */,
			);
			defaultConfigurationIsVisible = 0;
			defaultConfigurationName = Release;
		};
/* End XCConfigurationList section */
	};
	rootObject = 69E9E02F24AF74EF008817EF /* Project object */;
}
